Microsoft Visual Studio Solution File, Format Version 8.00
Project("{8BC9CEB8-8B4A-11D0-8D11-00A0C91BC942}") = "ogreopcode", "ogreopcode_vc71.vcproj", "{38E0EE4E-1D0C-4335-9968-412D376AB431}"
	ProjectSection(ProjectDependencies) = postProject
		{6B19233C-49A3-467D-BFA0-2B5CE77745D9} = {6B19233C-49A3-467D-BFA0-2B5CE77745D9}
	EndProjectSection
EndProject
Project("{8BC9CEB8-8B4A-11D0-8D11-00A0C91BC942}") = "ogreOpcodeExample", "..\example\scripts\ogreOpcodeExample_vc71.vcproj", "{294D38DC-9A72-445B-A890-9B8C597ABBCA}"
	ProjectSection(ProjectDependencies) = postProject
		{38E0EE4E-1D0C-4335-9968-412D376AB431} = {38E0EE4E-1D0C-4335-9968-412D376AB431}
	EndProjectSection
EndProject
Project("{8BC9CEB8-8B4A-11D0-8D11-00A0C91BC942}") = "Opcode", "..\opcode132\Opcode_vc71.vcproj", "{6B19233C-49A3-467D-BFA0-2B5CE77745D9}"
	ProjectSection(ProjectDependencies) = postProject
	EndProjectSection
EndProject
Project("{8BC9CEB8-8B4A-11D0-8D11-00A0C91BC942}") = "ogreOpcodeBSPExample", "..\BSPExample\scripts\ogreOpcodeBSPExample_vc71.vcproj", "{6A40FC92-9860-40A5-ACD5-EFDCCB998FB4}"
	ProjectSection(ProjectDependencies) = postProject
	EndProjectSection
EndProject
Project("{8BC9CEB8-8B4A-11D0-8D11-00A0C91BC942}") = "ogreOpcodeDotsceneExample", "..\DotsceneExample\scripts\ogreOpcodeDotsceneExample_vc71.vcproj", "{95363BEA-404F-4BDF-911B-AFDE8751473F}"
	ProjectSection(ProjectDependencies) = postProject
	EndProjectSection
EndProject
Project("{8BC9CEB8-8B4A-11D0-8D11-00A0C91BC942}") = "ogreOpcodePLSM2Example", "..\PLSM2Example\scripts\ogreOpcodePLSM2Example_vc71.vcproj", "{45CBC1F8-6A43-4BA5-926C-B9732385FDA8}"
	ProjectSection(ProjectDependencies) = postProject
	EndProjectSection
EndProject
Global
	GlobalSection(SolutionConfiguration) = preSolution
		Debug = Debug
		Release = Release
	EndGlobalSection
	GlobalSection(ProjectConfiguration) = postSolution
		{38E0EE4E-1D0C-4335-9968-412D376AB431}.Debug.ActiveCfg = Debug|Win32
		{38E0EE4E-1D0C-4335-9968-412D376AB431}.Debug.Build.0 = Debug|Win32
		{38E0EE4E-1D0C-4335-9968-412D376AB431}.Release.ActiveCfg = Release|Win32
		{38E0EE4E-1D0C-4335-9968-412D376AB431}.Release.Build.0 = Release|Win32
		{294D38DC-9A72-445B-A890-9B8C597ABBCA}.Debug.ActiveCfg = Debug|Win32
		{294D38DC-9A72-445B-A890-9B8C597ABBCA}.Debug.Build.0 = Debug|Win32
		{294D38DC-9A72-445B-A890-9B8C597ABBCA}.Release.ActiveCfg = Release|Win32
		{294D38DC-9A72-445B-A890-9B8C597ABBCA}.Release.Build.0 = Release|Win32
		{6B19233C-49A3-467D-BFA0-2B5CE77745D9}.Debug.ActiveCfg = Debug|Win32
		{6B19233C-49A3-467D-BFA0-2B5CE77745D9}.Debug.Build.0 = Debug|Win32
		{6B19233C-49A3-467D-BFA0-2B5CE77745D9}.Release.ActiveCfg = Release|Win32
		{6B19233C-49A3-467D-BFA0-2B5CE77745D9}.Release.Build.0 = Release|Win32
		{6A40FC92-9860-40A5-ACD5-EFDCCB998FB4}.Debug.ActiveCfg = Debug|Win32
		{6A40FC92-9860-40A5-ACD5-EFDCCB998FB4}.Debug.Build.0 = Debug|Win32
		{6A40FC92-9860-40A5-ACD5-EFDCCB998FB4}.Release.ActiveCfg = Release|Win32
		{6A40FC92-9860-40A5-ACD5-EFDCCB998FB4}.Release.Build.0 = Release|Win32
		{95363BEA-404F-4BDF-911B-AFDE8751473F}.Debug.ActiveCfg = Debug|Win32
		{95363BEA-404F-4BDF-911B-AFDE8751473F}.Debug.Build.0 = Debug|Win32
		{95363BEA-404F-4BDF-911B-AFDE8751473F}.Release.ActiveCfg = Release|Win32
		{95363BEA-404F-4BDF-911B-AFDE8751473F}.Release.Build.0 = Release|Win32
		{45CBC1F8-6A43-4BA5-926C-B9732385FDA8}.Debug.ActiveCfg = Debug|Win32
		{45CBC1F8-6A43-4BA5-926C-B9732385FDA8}.Debug.Build.0 = Debug|Win32
		{45CBC1F8-6A43-4BA5-926C-B9732385FDA8}.Release.ActiveCfg = Release|Win32
		{45CBC1F8-6A43-4BA5-926C-B9732385FDA8}.Release.Build.0 = Release|Win32
	EndGlobalSection
	GlobalSection(ExtensibilityGlobals) = postSolution
	EndGlobalSection
	GlobalSection(ExtensibilityAddIns) = postSolution
	EndGlobalSection
EndGlobal
